
Microsoft Visual Studio Solution File, Format Version 12.00
# Visual Studio 15
VisualStudioVersion = 15.0.28307.1927
MinimumVisualStudioVersion = 10.0.40219.1
Project("{FAE04EC0-301F-11D3-BF4B-00C04F79EFBC}") = "ALRedda", "ALRedda.csproj", "{CF2CB200-2DBD-4398-8230-777C83CD055F}"
EndProject
Project("{9A19103F-16F7-4668-BE54-9A1E7A4F7556}") = "ATPL", "..\ATPL\ATPL\ATPL.csproj", "{7FEA2BBF-3EB7-4F5A-A336-1C1CEBF99C68}"
EndProject
Global
	GlobalSection(SolutionConfigurationPlatforms) = preSolution
		Debug|Any CPU = Debug|Any CPU
		Debug|x64 = Debug|x64
		Release|Any CPU = Release|Any CPU
		Release|x64 = Release|x64
	EndGlobalSection
	GlobalSection(ProjectConfigurationPlatforms) = postSolution
		{CF2CB200-2DBD-4398-8230-777C83CD055F}.Debug|Any CPU.ActiveCfg = Debug|Any CPU
		{CF2CB200-2DBD-4398-8230-777C83CD055F}.Debug|Any CPU.Build.0 = Debug|Any CPU
		{CF2CB200-2DBD-4398-8230-777C83CD055F}.Debug|x64.ActiveCfg = Debug|x64
		{CF2CB200-2DBD-4398-8230-777C83CD055F}.Debug|x64.Build.0 = Debug|x64
		{CF2CB200-2DBD-4398-8230-777C83CD055F}.Release|Any CPU.ActiveCfg = Release|Any CPU
		{CF2CB200-2DBD-4398-8230-777C83CD055F}.Release|Any CPU.Build.0 = Release|Any CPU
		{CF2CB200-2DBD-4398-8230-777C83CD055F}.Release|x64.ActiveCfg = Release|x64
		{CF2CB200-2DBD-4398-8230-777C83CD055F}.Release|x64.Build.0 = Release|x64
		{7FEA2BBF-3EB7-4F5A-A336-1C1CEBF99C68}.Debug|Any CPU.ActiveCfg = Debug|Any CPU
		{7FEA2BBF-3EB7-4F5A-A336-1C1CEBF99C68}.Debug|Any CPU.Build.0 = Debug|Any CPU
		{7FEA2BBF-3EB7-4F5A-A336-1C1CEBF99C68}.Debug|x64.ActiveCfg = Debug|Any CPU
		{7FEA2BBF-3EB7-4F5A-A336-1C1CEBF99C68}.Debug|x64.Build.0 = Debug|Any CPU
		{7FEA2BBF-3EB7-4F5A-A336-1C1CEBF99C68}.Release|Any CPU.ActiveCfg = Release|Any CPU
		{7FEA2BBF-3EB7-4F5A-A336-1C1CEBF99C68}.Release|Any CPU.Build.0 = Release|Any CPU
		{7FEA2BBF-3EB7-4F5A-A336-1C1CEBF99C68}.Release|x64.ActiveCfg = Release|Any CPU
		{7FEA2BBF-3EB7-4F5A-A336-1C1CEBF99C68}.Release|x64.Build.0 = Release|Any CPU
	EndGlobalSection
	GlobalSection(SolutionProperties) = preSolution
		HideSolutionNode = FALSE
	EndGlobalSection
	GlobalSection(ExtensibilityGlobals) = postSolution
		SolutionGuid = {F137808B-0BDD-4ACF-BAD5-5E467D193DFF}
	EndGlobalSection
EndGlobal
